Microsoft Visual Studio Solution File, Format Version 12.00
# Visual Studio Version 17
VisualStudioVersion = 17.5.2.0
MinimumVisualStudioVersion = 10.0.40219.1
Project("{FAE04EC0-301F-11D3-BF4B-00C04F79EFBC}") = "Maze Runners", "Maze Runners.csproj", "{05BCA756-60E4-7606-C87F-6A741EE3CA43}"
EndProject
Global
	GlobalSection(SolutionConfigurationPlatforms) = preSolution
		Debug|Any CPU = Debug|Any CPU
		Release|Any CPU = Release|Any CPU
	EndGlobalSection
	GlobalSection(ProjectConfigurationPlatforms) = postSolution
		{05BCA756-60E4-7606-C87F-6A741EE3CA43}.Debug|Any CPU.ActiveCfg = Debug|Any CPU
		{05BCA756-60E4-7606-C87F-6A741EE3CA43}.Debug|Any CPU.Build.0 = Debug|Any CPU
		{05BCA756-60E4-7606-C87F-6A741EE3CA43}.Release|Any CPU.ActiveCfg = Release|Any CPU
		{05BCA756-60E4-7606-C87F-6A741EE3CA43}.Release|Any CPU.Build.0 = Release|Any CPU
	EndGlobalSection
	GlobalSection(SolutionProperties) = preSolution
		HideSolutionNode = FALSE
	EndGlobalSection
	GlobalSection(ExtensibilityGlobals) = postSolution
		SolutionGuid = {F8B397F2-FC1E-4B61-97A8-869C2AE87BED}
	EndGlobalSection
EndGlobal
